
Microsoft Visual Studio Solution File, Format Version 12.00
# Visual Studio Version 17
VisualStudioVersion = 17.11.35208.52
MinimumVisualStudioVersion = 10.0.40219.1
Project("{FAE04EC0-301F-11D3-BF4B-00C04F79EFBC}") = "Trabajo Final Taller de programacion", "Trabajo Final Taller de programacion\Trabajo Final Taller de programacion.csproj", "{9EAEF0C8-F588-49B7-897E-EDC168A2B359}"
EndProject
Global
	GlobalSection(SolutionConfigurationPlatforms) = preSolution
		Debug|Any CPU = Debug|Any CPU
		Release|Any CPU = Release|Any CPU
	EndGlobalSection
	GlobalSection(ProjectConfigurationPlatforms) = postSolution
		{9EAEF0C8-F588-49B7-897E-EDC168A2B359}.Debug|Any CPU.ActiveCfg = Debug|Any CPU
		{9EAEF0C8-F588-49B7-897E-EDC168A2B359}.Debug|Any CPU.Build.0 = Debug|Any CPU
		{9EAEF0C8-F588-49B7-897E-EDC168A2B359}.Release|Any CPU.ActiveCfg = Release|Any CPU
		{9EAEF0C8-F588-49B7-897E-EDC168A2B359}.Release|Any CPU.Build.0 = Release|Any CPU
	EndGlobalSection
	GlobalSection(SolutionProperties) = preSolution
		HideSolutionNode = FALSE
	EndGlobalSection
	GlobalSection(ExtensibilityGlobals) = postSolution
		SolutionGuid = {73EB6B3F-E3BC-4515-B660-D160DCB4D797}
	EndGlobalSection
EndGlobal
